// !$*UTF8*$!
{
	archiveVersion = 1;
	classes = {
	};
	objectVersion = 45;
	objects = {

/* Begin PBXBuildFile section */
		1DDD58160DA1D0A300B32029 /* MainMenu.xib in Resources */ = {isa = PBXBuildFile; fileRef = 1DDD58140DA1D0A300B32029 /* MainMenu.xib */; };
		293F8440154034D300860AE1 /* PlotItem.m in Sources */ = {isa = PBXBuildFile; fileRef = 293F843F154034C200860AE1 /* PlotItem.m */; };
		293F8441154034D600860AE1 /* SimplePieChart.m in Sources */ = {isa = PBXBuildFile; fileRef = 293F84331540349900860AE1 /* SimplePieChart.m */; };
		293F8444154034F100860AE1 /* PlotGallery.m in Sources */ = {isa = PBXBuildFile; fileRef = 293F8443154034F100860AE1 /* PlotGallery.m */; };
		293F84471540351000860AE1 /* Quartz.framework in Frameworks */ = {isa = PBXBuildFile; fileRef = 293F84451540350F00860AE1 /* Quartz.framework */; };
		293F84481540351000860AE1 /* QuartzCore.framework in Frameworks */ = {isa = PBXBuildFile; fileRef = 293F84461540350F00860AE1 /* QuartzCore.framework */; };
		293F844B1540377D00860AE1 /* CorePlot.framework in Frameworks */ = {isa = PBXBuildFile; fileRef = 293F842A154033F800860AE1 /* CorePlot.framework */; settings = {ATTRIBUTES = (Required, ); }; };
		293F845415405E9100860AE1 /* CorePlot.framework in CopyFiles */ = {isa = PBXBuildFile; fileRef = 293F842A154033F800860AE1 /* CorePlot.framework */; };
		2947173215458C7900D8A523 /* CircularProgressView.m in Sources */ = {isa = PBXBuildFile; fileRef = 2947172D154584A200D8A523 /* CircularProgressView.m */; };
		2947173515459B0C00D8A523 /* TinyPieChart.m in Sources */ = {isa = PBXBuildFile; fileRef = 2947173415459B0C00D8A523 /* TinyPieChart.m */; };
		294717381545A92200D8A523 /* CustomStatusView.m in Sources */ = {isa = PBXBuildFile; fileRef = 294717371545A92200D8A523 /* CustomStatusView.m */; };
		298F549E15401BF600C13CF5 /* MemoryFactory.m in Sources */ = {isa = PBXBuildFile; fileRef = 298F549B15401AF400C13CF5 /* MemoryFactory.m */; };
		298F54A115401DFD00C13CF5 /* MemoryViewController.m in Sources */ = {isa = PBXBuildFile; fileRef = 298F54A015401DFD00C13CF5 /* MemoryViewController.m */; };
		53797E660E004E0D00281C85 /* AppController.m in Sources */ = {isa = PBXBuildFile; fileRef = 53797E650E004E0D00281C85 /* AppController.m */; };
		8D11072B0486CEB800E47090 /* InfoPlist.strings in Resources */ = {isa = PBXBuildFile; fileRef = 089C165CFE840E0CC02AAC07 /* InfoPlist.strings */; };
		8D11072D0486CEB800E47090 /* main.m in Sources */ = {isa = PBXBuildFile; fileRef = 29B97316FDCFA39411CA2CEA /* main.m */; settings = {ATTRIBUTES = (); }; };
		8D11072F0486CEB800E47090 /* Cocoa.framework in Frameworks */ = {isa = PBXBuildFile; fileRef = 1058C7A1FEA54F0111CA2CBB /* Cocoa.framework */; };
/* End PBXBuildFile section */

/* Begin PBXContainerItemProxy section */
		293F8429154033F800860AE1 /* PBXContainerItemProxy */ = {
			isa = PBXContainerItemProxy;
			containerPortal = 293F8420154033F700860AE1 /* CorePlot.xcodeproj */;
			proxyType = 2;
			remoteGlobalIDString = 8DC2EF5B0486A6940098B216;
			remoteInfo = CorePlot;
		};
		293F842B154033F800860AE1 /* PBXContainerItemProxy */ = {
			isa = PBXContainerItemProxy;
			containerPortal = 293F8420154033F700860AE1 /* CorePlot.xcodeproj */;
			proxyType = 2;
			remoteGlobalIDString = 0730F600109492D800E95162;
			remoteInfo = UnitTests;
		};
/* End PBXContainerItemProxy section */

/* Begin PBXCopyFilesBuildPhase section */
		293F845315405E7700860AE1 /* CopyFiles */ = {
			isa = PBXCopyFilesBuildPhase;
			buildActionMask = 2147483647;
			dstPath = "";
			dstSubfolderSpec = 10;
			files = (
				293F845415405E9100860AE1 /* CorePlot.framework in CopyFiles */,
			);
			runOnlyForDeploymentPostprocessing = 0;
		};
/* End PBXCopyFilesBuildPhase section */

/* Begin PBXFileReference section */
		089C165DFE840E0CC02AAC07 /* English */ = {isa = PBXFileReference; fileEncoding = 10; lastKnownFileType = text.plist.strings; name = English; path = English.lproj/InfoPlist.strings; sourceTree = "<group>"; };
		1058C7A1FEA54F0111CA2CBB /* Cocoa.framework */ = {isa = PBXFileReference; lastKnownFileType = wrapper.framework; name = Cocoa.framework; path = /System/Library/Frameworks/Cocoa.framework; sourceTree = "<absolute>"; };
		1DDD58150DA1D0A300B32029 /* English */ = {isa = PBXFileReference; lastKnownFileType = file.xib; name = English; path = English.lproj/MainMenu.xib; sourceTree = "<group>"; };
		293F8420154033F700860AE1 /* CorePlot.xcodeproj */ = {isa = PBXFileReference; lastKnownFileType = "wrapper.pb-project"; name = CorePlot.xcodeproj; path = framework/CorePlot.xcodeproj; sourceTree = "<group>"; };
		293F84321540349900860AE1 /* SimplePieChart.h */ = {isa = PBXFileReference; lastKnownFileType = sourcecode.c.h; path = SimplePieChart.h; sourceTree = "<group>"; };
		293F84331540349900860AE1 /* SimplePieChart.m */ = {isa = PBXFileReference; lastKnownFileType = sourcecode.c.objc; path = SimplePieChart.m; sourceTree = "<group>"; };
		293F843E154034C200860AE1 /* PlotItem.h */ = {isa = PBXFileReference; lastKnownFileType = sourcecode.c.h; path = PlotItem.h; sourceTree = "<group>"; };
		293F843F154034C200860AE1 /* PlotItem.m */ = {isa = PBXFileReference; lastKnownFileType = sourcecode.c.objc; path = PlotItem.m; sourceTree = "<group>"; };
		293F8442154034F100860AE1 /* PlotGallery.h */ = {isa = PBXFileReference; fileEncoding = 4; lastKnownFileType = sourcecode.c.h; path = PlotGallery.h; sourceTree = "<group>"; };
		293F8443154034F100860AE1 /* PlotGallery.m */ = {isa = PBXFileReference; fileEncoding = 4; lastKnownFileType = sourcecode.c.objc; path = PlotGallery.m; sourceTree = "<group>"; };
		293F84451540350F00860AE1 /* Quartz.framework */ = {isa = PBXFileReference; lastKnownFileType = wrapper.framework; name = Quartz.framework; path = Platforms/MacOSX.platform/Developer/SDKs/MacOSX10.6.sdk/System/Library/Frameworks/Quartz.framework; sourceTree = DEVELOPER_DIR; };
		293F84461540350F00860AE1 /* QuartzCore.framework */ = {isa = PBXFileReference; lastKnownFileType = wrapper.framework; name = QuartzCore.framework; path = Platforms/MacOSX.platform/Developer/SDKs/MacOSX10.6.sdk/System/Library/Frameworks/QuartzCore.framework; sourceTree = DEVELOPER_DIR; };
		293F844C15405AA600860AE1 /* framework */ = {isa = PBXFileReference; lastKnownFileType = folder; path = framework; sourceTree = "<group>"; };
		293F845115405CF000860AE1 /* CorePlot.framework */ = {isa = PBXFileReference; lastKnownFileType = wrapper.framework; name = CorePlot.framework; path = "../../../Library/Developer/Xcode/DerivedData/MemoryMenu-gukbbfojxvxwttardrqbrhkxqbdi/Build/Products/Debug/CorePlot.framework"; sourceTree = "<group>"; };
		2947172C154584A200D8A523 /* CircularProgressView.h */ = {isa = PBXFileReference; lastKnownFileType = sourcecode.c.h; path = CircularProgressView.h; sourceTree = "<group>"; };
		2947172D154584A200D8A523 /* CircularProgressView.m */ = {isa = PBXFileReference; lastKnownFileType = sourcecode.c.objc; path = CircularProgressView.m; sourceTree = "<group>"; };
		2947173315459B0C00D8A523 /* TinyPieChart.h */ = {isa = PBXFileReference; fileEncoding = 4; lastKnownFileType = sourcecode.c.h; path = TinyPieChart.h; sourceTree = "<group>"; };
		2947173415459B0C00D8A523 /* TinyPieChart.m */ = {isa = PBXFileReference; fileEncoding = 4; lastKnownFileType = sourcecode.c.objc; path = TinyPieChart.m; sourceTree = "<group>"; };
		294717361545A92200D8A523 /* CustomStatusView.h */ = {isa = PBXFileReference; fileEncoding = 4; lastKnownFileType = sourcecode.c.h; path = CustomStatusView.h; sourceTree = "<group>"; };
		294717371545A92200D8A523 /* CustomStatusView.m */ = {isa = PBXFileReference; fileEncoding = 4; lastKnownFileType = sourcecode.c.objc; path = CustomStatusView.m; sourceTree = "<group>"; };
		298F549A15401AF400C13CF5 /* MemoryFactory.h */ = {isa = PBXFileReference; lastKnownFileType = sourcecode.c.h; path = MemoryFactory.h; sourceTree = "<group>"; };
		298F549B15401AF400C13CF5 /* MemoryFactory.m */ = {isa = PBXFileReference; lastKnownFileType = sourcecode.c.objc; path = MemoryFactory.m; sourceTree = "<group>"; };
		298F549F15401DFD00C13CF5 /* MemoryViewController.h */ = {isa = PBXFileReference; fileEncoding = 4; lastKnownFileType = sourcecode.c.h; path = MemoryViewController.h; sourceTree = "<group>"; };
		298F54A015401DFD00C13CF5 /* MemoryViewController.m */ = {isa = PBXFileReference; fileEncoding = 4; lastKnownFileType = sourcecode.c.objc; path = MemoryViewController.m; sourceTree = "<group>"; };
		29B97316FDCFA39411CA2CEA /* main.m */ = {isa = PBXFileReference; fileEncoding = 4; lastKnownFileType = sourcecode.c.objc; path = main.m; sourceTree = "<group>"; };
		29B97324FDCFA39411CA2CEA /* AppKit.framework */ = {isa = PBXFileReference; lastKnownFileType = wrapper.framework; name = AppKit.framework; path = /System/Library/Frameworks/AppKit.framework; sourceTree = "<absolute>"; };
		29B97325FDCFA39411CA2CEA /* Foundation.framework */ = {isa = PBXFileReference; lastKnownFileType = wrapper.framework; name = Foundation.framework; path = /System/Library/Frameworks/Foundation.framework; sourceTree = "<absolute>"; };
		32CA4F630368D1EE00C91783 /* MemoryMenu_Prefix.pch */ = {isa = PBXFileReference; fileEncoding = 4; lastKnownFileType = sourcecode.c.h; path = MemoryMenu_Prefix.pch; sourceTree = "<group>"; };
		53797E640E004E0D00281C85 /* AppController.h */ = {isa = PBXFileReference; fileEncoding = 4; lastKnownFileType = sourcecode.c.h; path = AppController.h; sourceTree = "<group>"; };
		53797E650E004E0D00281C85 /* AppController.m */ = {isa = PBXFileReference; fileEncoding = 4; lastKnownFileType = sourcecode.c.objc; path = AppController.m; sourceTree = "<group>"; };
		53C971110E082354002966ED /* English */ = {isa = PBXFileReference; lastKnownFileType = text.rtf; name = English; path = English.lproj/Credits.rtf; sourceTree = "<group>"; };
		8D1107310486CEB800E47090 /* Info.plist */ = {isa = PBXFileReference; fileEncoding = 4; lastKnownFileType = text.plist.xml; path = Info.plist; sourceTree = "<group>"; };
		8D1107320486CEB800E47090 /* MemoryMenu.app */ = {isa = PBXFileReference; explicitFileType = wrapper.application; includeInIndex = 0; path = MemoryMenu.app; sourceTree = BUILT_PRODUCTS_DIR; };
/* End PBXFileReference section */

/* Begin PBXFrameworksBuildPhase section */
		8D11072E0486CEB800E47090 /* Frameworks */ = {
			isa = PBXFrameworksBuildPhase;
			buildActionMask = 2147483647;
			files = (
				293F844B1540377D00860AE1 /* CorePlot.framework in Frameworks */,
				293F84471540351000860AE1 /* Quartz.framework in Frameworks */,
				293F84481540351000860AE1 /* QuartzCore.framework in Frameworks */,
				8D11072F0486CEB800E47090 /* Cocoa.framework in Frameworks */,
			);
			runOnlyForDeploymentPostprocessing = 0;
		};
/* End PBXFrameworksBuildPhase section */

/* Begin PBXGroup section */
		080E96DDFE201D6D7F000001 /* Sources */ = {
			isa = PBXGroup;
			children = (
				2947172C154584A200D8A523 /* CircularProgressView.h */,
				2947172D154584A200D8A523 /* CircularProgressView.m */,
				293F8442154034F100860AE1 /* PlotGallery.h */,
				293F8443154034F100860AE1 /* PlotGallery.m */,
				293F843E154034C200860AE1 /* PlotItem.h */,
				293F843F154034C200860AE1 /* PlotItem.m */,
				293F84321540349900860AE1 /* SimplePieChart.h */,
				293F84331540349900860AE1 /* SimplePieChart.m */,
				2947173315459B0C00D8A523 /* TinyPieChart.h */,
				2947173415459B0C00D8A523 /* TinyPieChart.m */,
				298F549A15401AF400C13CF5 /* MemoryFactory.h */,
				294717361545A92200D8A523 /* CustomStatusView.h */,
				294717371545A92200D8A523 /* CustomStatusView.m */,
				298F549F15401DFD00C13CF5 /* MemoryViewController.h */,
				298F54A015401DFD00C13CF5 /* MemoryViewController.m */,
				298F549B15401AF400C13CF5 /* MemoryFactory.m */,
				32CA4F630368D1EE00C91783 /* MemoryMenu_Prefix.pch */,
				29B97316FDCFA39411CA2CEA /* main.m */,
				53797E640E004E0D00281C85 /* AppController.h */,
				53797E650E004E0D00281C85 /* AppController.m */,
			);
			name = Sources;
			sourceTree = "<group>";
		};
		1058C7A0FEA54F0111CA2CBB /* Linked Frameworks */ = {
			isa = PBXGroup;
			children = (
				1058C7A1FEA54F0111CA2CBB /* Cocoa.framework */,
			);
			name = "Linked Frameworks";
			sourceTree = "<group>";
		};
		1058C7A2FEA54F0111CA2CBB /* Other Frameworks */ = {
			isa = PBXGroup;
			children = (
				293F845115405CF000860AE1 /* CorePlot.framework */,
				29B97324FDCFA39411CA2CEA /* AppKit.framework */,
				29B97325FDCFA39411CA2CEA /* Foundation.framework */,
			);
			name = "Other Frameworks";
			sourceTree = "<group>";
		};
		19C28FACFE9D520D11CA2CBB /* Products */ = {
			isa = PBXGroup;
			children = (
				8D1107320486CEB800E47090 /* MemoryMenu.app */,
			);
			name = Products;
			sourceTree = "<group>";
		};
		293F8421154033F700860AE1 /* Products */ = {
			isa = PBXGroup;
			children = (
				293F842A154033F800860AE1 /* CorePlot.framework */,
				293F842C154033F800860AE1 /* UnitTests.octest */,
			);
			name = Products;
			sourceTree = "<group>";
		};
		29B97314FDCFA39411CA2CEA /* AppList */ = {
			isa = PBXGroup;
			children = (
				293F844C15405AA600860AE1 /* framework */,
				293F84451540350F00860AE1 /* Quartz.framework */,
				293F84461540350F00860AE1 /* QuartzCore.framework */,
				293F8420154033F700860AE1 /* CorePlot.xcodeproj */,
				080E96DDFE201D6D7F000001 /* Sources */,
				29B97317FDCFA39411CA2CEA /* Resources */,
				29B97323FDCFA39411CA2CEA /* Frameworks */,
				19C28FACFE9D520D11CA2CBB /* Products */,
			);
			name = AppList;
			sourceTree = "<group>";
		};
		29B97317FDCFA39411CA2CEA /* Resources */ = {
			isa = PBXGroup;
			children = (
				53C971100E082354002966ED /* Credits.rtf */,
				8D1107310486CEB800E47090 /* Info.plist */,
				089C165CFE840E0CC02AAC07 /* InfoPlist.strings */,
				1DDD58140DA1D0A300B32029 /* MainMenu.xib */,
			);
			name = Resources;
			sourceTree = "<group>";
		};
		29B97323FDCFA39411CA2CEA /* Frameworks */ = {
			isa = PBXGroup;
			children = (
				1058C7A0FEA54F0111CA2CBB /* Linked Frameworks */,
				1058C7A2FEA54F0111CA2CBB /* Other Frameworks */,
			);
			name = Frameworks;
			sourceTree = "<group>";
		};
/* End PBXGroup section */

/* Begin PBXNativeTarget section */
		8D1107260486CEB800E47090 /* MemoryMenu */ = {
			isa = PBXNativeTarget;
			buildConfigurationList = C01FCF4A08A954540054247B /* Build configuration list for PBXNativeTarget "MemoryMenu" */;
			buildPhases = (
				8D1107290486CEB800E47090 /* Resources */,
				8D11072C0486CEB800E47090 /* Sources */,
				8D11072E0486CEB800E47090 /* Frameworks */,
				293F845315405E7700860AE1 /* CopyFiles */,
			);
			buildRules = (
			);
			dependencies = (
			);
			name = MemoryMenu;
			productInstallPath = "$(HOME)/Applications";
			productName = AppList;
			productReference = 8D1107320486CEB800E47090 /* MemoryMenu.app */;
			productType = "com.apple.product-type.application";
		};
/* End PBXNativeTarget section */

/* Begin PBXProject section */
		29B97313FDCFA39411CA2CEA /* Project object */ = {
			isa = PBXProject;
			buildConfigurationList = C01FCF4E08A954540054247B /* Build configuration list for PBXProject "MemoryMenu" */;
			compatibilityVersion = "Xcode 3.1";
			developmentRegion = English;
			hasScannedForEncodings = 1;
			knownRegions = (
				en,
			);
			mainGroup = 29B97314FDCFA39411CA2CEA /* AppList */;
			projectDirPath = "";
			projectReferences = (
				{
					ProductGroup = 293F8421154033F700860AE1 /* Products */;
					ProjectRef = 293F8420154033F700860AE1 /* CorePlot.xcodeproj */;
				},
			);
			projectRoot = "";
			targets = (
				8D1107260486CEB800E47090 /* MemoryMenu */,
			);
		};
/* End PBXProject section */

/* Begin PBXReferenceProxy section */
		293F842A154033F800860AE1 /* CorePlot.framework */ = {
			isa = PBXReferenceProxy;
			fileType = wrapper.framework;
			path = CorePlot.framework;
			remoteRef = 293F8429154033F800860AE1 /* PBXContainerItemProxy */;
			sourceTree = BUILT_PRODUCTS_DIR;
		};
		293F842C154033F800860AE1 /* UnitTests.octest */ = {
			isa = PBXReferenceProxy;
			fileType = wrapper.cfbundle;
			path = UnitTests.octest;
			remoteRef = 293F842B154033F800860AE1 /* PBXContainerItemProxy */;
			sourceTree = BUILT_PRODUCTS_DIR;
		};
/* End PBXReferenceProxy section */

/* Begin PBXResourcesBuildPhase section */
		8D1107290486CEB800E47090 /* Resources */ = {
			isa = PBXResourcesBuildPhase;
			buildActionMask = 2147483647;
			files = (
				8D11072B0486CEB800E47090 /* InfoPlist.strings in Resources */,
				1DDD58160DA1D0A300B32029 /* MainMenu.xib in Resources */,
			);
			runOnlyForDeploymentPostprocessing = 0;
		};
/* End PBXResourcesBuildPhase section */

/* Begin PBXSourcesBuildPhase section */
		8D11072C0486CEB800E47090 /* Sources */ = {
			isa = PBXSourcesBuildPhase;
			buildActionMask = 2147483647;
			files = (
				2947173215458C7900D8A523 /* CircularProgressView.m in Sources */,
				298F549E15401BF600C13CF5 /* MemoryFactory.m in Sources */,
				293F8440154034D300860AE1 /* PlotItem.m in Sources */,
				293F8441154034D600860AE1 /* SimplePieChart.m in Sources */,
				8D11072D0486CEB800E47090 /* main.m in Sources */,
				53797E660E004E0D00281C85 /* AppController.m in Sources */,
				298F54A115401DFD00C13CF5 /* MemoryViewController.m in Sources */,
				293F8444154034F100860AE1 /* PlotGallery.m in Sources */,
				2947173515459B0C00D8A523 /* TinyPieChart.m in Sources */,
				294717381545A92200D8A523 /* CustomStatusView.m in Sources */,
			);
			runOnlyForDeploymentPostprocessing = 0;
		};
/* End PBXSourcesBuildPhase section */

/* Begin PBXVariantGroup section */
		089C165CFE840E0CC02AAC07 /* InfoPlist.strings */ = {
			isa = PBXVariantGroup;
			children = (
				089C165DFE840E0CC02AAC07 /* English */,
			);
			name = InfoPlist.strings;
			sourceTree = "<group>";
		};
		1DDD58140DA1D0A300B32029 /* MainMenu.xib */ = {
			isa = PBXVariantGroup;
			children = (
				1DDD58150DA1D0A300B32029 /* English */,
			);
			name = MainMenu.xib;
			sourceTree = "<group>";
		};
		53C971100E082354002966ED /* Credits.rtf */ = {
			isa = PBXVariantGroup;
			children = (
				53C971110E082354002966ED /* English */,
			);
			name = Credits.rtf;
			sourceTree = "<group>";
		};
/* End PBXVariantGroup section */

/* Begin XCBuildConfiguration section */
		C01FCF4B08A954540054247B /* Debug */ = {
			isa = XCBuildConfiguration;
			buildSettings = {
				ALWAYS_SEARCH_USER_PATHS = NO;
				COPY_PHASE_STRIP = NO;
				FRAMEWORK_SEARCH_PATHS = (
					"$(inherited)",
					"\"$(SRCROOT)/../CorePlot_1.0/Binaries/MacOS\"",
					"\"$(SRCROOT)/../../../Library/Developer/Xcode/DerivedData/MemoryMenu-gukbbfojxvxwttardrqbrhkxqbdi/Build/Products/Debug\"",
				);
				GCC_DYNAMIC_NO_PIC = NO;
				GCC_ENABLE_FIX_AND_CONTINUE = YES;
				GCC_MODEL_TUNING = G5;
				GCC_OPTIMIZATION_LEVEL = 0;
				GCC_PRECOMPILE_PREFIX_HEADER = YES;
				GCC_PREFIX_HEADER = MemoryMenu_Prefix.pch;
				INFOPLIST_FILE = Info.plist;
				INSTALL_PATH = "$(HOME)/Applications";
				PRODUCT_NAME = MemoryMenu;
				SDKROOT = macosx10.6;
			};
			name = Debug;
		};
		C01FCF4C08A954540054247B /* Release */ = {
			isa = XCBuildConfiguration;
			buildSettings = {
				ALWAYS_SEARCH_USER_PATHS = NO;
				DEBUG_INFORMATION_FORMAT = "dwarf-with-dsym";
				FRAMEWORK_SEARCH_PATHS = (
					"$(inherited)",
					"\"$(SRCROOT)/../CorePlot_1.0/Binaries/MacOS\"",
					"\"$(SRCROOT)/../../../Library/Developer/Xcode/DerivedData/MemoryMenu-gukbbfojxvxwttardrqbrhkxqbdi/Build/Products/Debug\"",
				);
				GCC_MODEL_TUNING = G5;
				GCC_PRECOMPILE_PREFIX_HEADER = YES;
				GCC_PREFIX_HEADER = MemoryMenu_Prefix.pch;
				INFOPLIST_FILE = Info.plist;
				INSTALL_PATH = "$(HOME)/Applications";
				PRODUCT_NAME = MemoryMenu;
				SDKROOT = macosx10.6;
			};
			name = Release;
		};
		C01FCF4F08A954540054247B /* Debug */ = {
			isa = XCBuildConfiguration;
			buildSettings = {
				ARCHS = "$(ARCHS_STANDARD_32_BIT)";
				GCC_C_LANGUAGE_STANDARD = c99;
				GCC_OPTIMIZATION_LEVEL = 0;
				GCC_WARN_ABOUT_RETURN_TYPE = YES;
				GCC_WARN_UNUSED_VARIABLE = YES;
				ONLY_ACTIVE_ARCH = YES;
				PREBINDING = NO;
				SDKROOT = macosx10.5;
			};
			name = Debug;
		};
		C01FCF5008A954540054247B /* Release */ = {
			isa = XCBuildConfiguration;
			buildSettings = {
				ARCHS = "$(ARCHS_STANDARD_32_BIT)";
				GCC_C_LANGUAGE_STANDARD = c99;
				GCC_WARN_ABOUT_RETURN_TYPE = YES;
				GCC_WARN_UNUSED_VARIABLE = YES;
				PREBINDING = NO;
				SDKROOT = macosx10.6;
			};
			name = Release;
		};
/* End XCBuildConfiguration section */

/* Begin XCConfigurationList section */
		C01FCF4A08A954540054247B /* Build configuration list for PBXNativeTarget "MemoryMenu" */ = {
			isa = XCConfigurationList;
			buildConfigurations = (
				C01FCF4B08A954540054247B /* Debug */,
				C01FCF4C08A954540054247B /* Release */,
			);
			defaultConfigurationIsVisible = 0;
			defaultConfigurationName = Release;
		};
		C01FCF4E08A954540054247B /* Build configuration list for PBXProject "MemoryMenu" */ = {
			isa = XCConfigurationList;
			buildConfigurations = (
				C01FCF4F08A954540054247B /* Debug */,
				C01FCF5008A954540054247B /* Release */,
			);
			defaultConfigurationIsVisible = 0;
			defaultConfigurationName = Release;
		};
/* End XCConfigurationList section */
	};
	rootObject = 29B97313FDCFA39411CA2CEA /* Project object */;
}
